
Microsoft Visual Studio Solution File, Format Version 12.00
# Visual Studio Version 16
VisualStudioVersion = 16.0.30204.135
MinimumVisualStudioVersion = 10.0.40219.1
Project("{FAE04EC0-301F-11D3-BF4B-00C04F79EFBC}") = "StringSimilarityWebApp", "StringSimilarityWebApp\StringSimilarityWebApp\StringSimilarityWebApp.csproj", "{8F559D6A-2652-4048-9B74-296B7781D05E}"
EndProject
Project("{FAE04EC0-301F-11D3-BF4B-00C04F79EFBC}") = "StringSimilarityOut", "StringSimilarityOut\StringSimilarityOut.csproj", "{8B3B6EF9-C6E9-46C5-863D-B0CDE7CB89A9}"
EndProject
Global
	GlobalSection(SolutionConfigurationPlatforms) = preSolution
		Debug|Any CPU = Debug|Any CPU
		Release|Any CPU = Release|Any CPU
	EndGlobalSection
	GlobalSection(ProjectConfigurationPlatforms) = postSolution
		{8F559D6A-2652-4048-9B74-296B7781D05E}.Debug|Any CPU.ActiveCfg = Debug|Any CPU
		{8F559D6A-2652-4048-9B74-296B7781D05E}.Debug|Any CPU.Build.0 = Debug|Any CPU
		{8F559D6A-2652-4048-9B74-296B7781D05E}.Release|Any CPU.ActiveCfg = Release|Any CPU
		{8F559D6A-2652-4048-9B74-296B7781D05E}.Release|Any CPU.Build.0 = Release|Any CPU
		{8B3B6EF9-C6E9-46C5-863D-B0CDE7CB89A9}.Debug|Any CPU.ActiveCfg = Debug|Any CPU
		{8B3B6EF9-C6E9-46C5-863D-B0CDE7CB89A9}.Debug|Any CPU.Build.0 = Debug|Any CPU
		{8B3B6EF9-C6E9-46C5-863D-B0CDE7CB89A9}.Release|Any CPU.ActiveCfg = Release|Any CPU
		{8B3B6EF9-C6E9-46C5-863D-B0CDE7CB89A9}.Release|Any CPU.Build.0 = Release|Any CPU
	EndGlobalSection
	GlobalSection(SolutionProperties) = preSolution
		HideSolutionNode = FALSE
	EndGlobalSection
	GlobalSection(ExtensibilityGlobals) = postSolution
		SolutionGuid = {789E961F-C533-45C8-9C51-8CAA376F0A09}
	EndGlobalSection
EndGlobal
